
Microsoft Visual Studio Solution File, Format Version 12.00
# Visual Studio Version 16
VisualStudioVersion = 16.0.29613.14
MinimumVisualStudioVersion = 10.0.40219.1
Project("{FAE04EC0-301F-11D3-BF4B-00C04F79EFBC}") = "tomcMatijaProvjeraZnanjaZadatak3", "tomcMatijaProvjeraZnanjaZadatak3\tomcMatijaProvjeraZnanjaZadatak3.csproj", "{800FCE81-D4F0-4F2C-9F93-4322E41AF57E}"
EndProject
Global
	GlobalSection(SolutionConfigurationPlatforms) = preSolution
		Debug|Any CPU = Debug|Any CPU
		Release|Any CPU = Release|Any CPU
	EndGlobalSection
	GlobalSection(ProjectConfigurationPlatforms) = postSolution
		{800FCE81-D4F0-4F2C-9F93-4322E41AF57E}.Debug|Any CPU.ActiveCfg = Debug|Any CPU
		{800FCE81-D4F0-4F2C-9F93-4322E41AF57E}.Debug|Any CPU.Build.0 = Debug|Any CPU
		{800FCE81-D4F0-4F2C-9F93-4322E41AF57E}.Release|Any CPU.ActiveCfg = Release|Any CPU
		{800FCE81-D4F0-4F2C-9F93-4322E41AF57E}.Release|Any CPU.Build.0 = Release|Any CPU
	EndGlobalSection
	GlobalSection(SolutionProperties) = preSolution
		HideSolutionNode = FALSE
	EndGlobalSection
	GlobalSection(ExtensibilityGlobals) = postSolution
		SolutionGuid = {C9D2996E-642A-464F-A258-171F1C8F3F5B}
	EndGlobalSection
EndGlobal
